# This file is generated by running "yarn install" inside your project.
# Manual changes might be lost - proceed with caution!

__metadata:
  version: 4
  cacheKey: 7

"lodash@npm:^4.17.23":
  version: 4.17.23
  resolution: "lodash@npm:4.17.23"
  checksum: 4f617568d9a177e64da80135481a408d2a5a8e2b45a4d5c020bdcdedeb662664b4990e1cef8f08d13d3da042c63fc2c7b80fb2953fd30845d5d5337d7089dea2
  languageName: node
  linkType: hard

"root-workspace-0b6124@workspace:.":
  version: 0.0.0-use.local
  resolution: "root-workspace-0b6124@workspace:."
  dependencies:
    lodash: ^4.17.23
  languageName: unknown
  linkType: soft
